
Microsoft Visual Studio Solution File, Format Version 12.00
# Visual Studio Version 17
VisualStudioVersion = 17.2.32630.192
MinimumVisualStudioVersion = 10.0.40219.1
Project("{FAE04EC0-301F-11D3-BF4B-00C04F79EFBC}") = "firstproject", "firstproject\firstproject.csproj", "{042BA4DE-5BA4-4E7A-8266-91FF371874BC}"
EndProject
Project("{FAE04EC0-301F-11D3-BF4B-00C04F79EFBC}") = "DesigningOurFirstForm", "DesigningOurFirstForm\DesigningOurFirstForm.csproj", "{81415BCF-CF9C-4B96-955B-338B3DFED6FA}"
EndProject
Project("{FAE04EC0-301F-11D3-BF4B-00C04F79EFBC}") = "UnderstandTheCode_lecture_4", "UnderstandTheCode\UnderstandTheCode_lecture_4.csproj", "{61FC818E-32CC-43B7-908D-8A54D9276FC6}"
EndProject
Project("{FAE04EC0-301F-11D3-BF4B-00C04F79EFBC}") = "lecture_5", "lecture_5\lecture_5.csproj", "{21BF8A07-2E36-4E9E-8862-5F5D3E473529}"
EndProject
Project("{FAE04EC0-301F-11D3-BF4B-00C04F79EFBC}") = "lecture_6", "lecture6\lecture_6.csproj", "{8F4C22FE-85D1-42C9-8A0B-158F030D5DDC}"
EndProject
Project("{FAE04EC0-301F-11D3-BF4B-00C04F79EFBC}") = "Lecture_7", "Lecture_7\Lecture_7.csproj", "{1B4D95E0-6C21-44D6-B901-436179785740}"
EndProject
Project("{FAE04EC0-301F-11D3-BF4B-00C04F79EFBC}") = "Lecture _8", "WindowsFormsApp1\Lecture _8.csproj", "{C1F5EAAA-8B8A-4FD6-B2B1-D1D3A2703562}"
EndProject
Project("{FAE04EC0-301F-11D3-BF4B-00C04F79EFBC}") = "Lecture_9", "Lecture_9\Lecture_9.csproj", "{B8B30ABD-186B-4E41-9964-838E306EFBA4}"
EndProject
Project("{FAE04EC0-301F-11D3-BF4B-00C04F79EFBC}") = "Lecture 10", "Lecture 10\Lecture 10.csproj", "{4D2ABB14-2832-46BD-948D-82F4CD57E899}"
EndProject
Project("{FAE04EC0-301F-11D3-BF4B-00C04F79EFBC}") = "Lecture_14", "Lecture_14\Lecture_14.csproj", "{4B291207-18F7-4260-877A-F6CED4C448BB}"
EndProject
Project("{FAE04EC0-301F-11D3-BF4B-00C04F79EFBC}") = "Lecture_15", "Lecture_15\Lecture_15.csproj", "{EC6D481D-F37A-4760-A70D-807C3A7FBBC7}"
EndProject
Project("{FAE04EC0-301F-11D3-BF4B-00C04F79EFBC}") = "Lecture_16", "Lecture_16\Lecture_16.csproj", "{7B17225F-CC84-4EB7-A0BD-791F4C45B48E}"
EndProject
Project("{FAE04EC0-301F-11D3-BF4B-00C04F79EFBC}") = "Lecture 18", "Lecture 18\Lecture 18.csproj", "{CCDCBE1C-9C03-4677-90A4-C95B105D7115}"
EndProject
Project("{2150E333-8FDC-42A3-9474-1A3956D46DE8}") = "DataBaseSripts", "DataBaseSripts", "{0DECB0A7-5FF8-433E-8141-CE408BE0D884}"
	ProjectSection(SolutionItems) = preProject
		lecture_21.sql = lecture_21.sql
	EndProjectSection
EndProject
Project("{FAE04EC0-301F-11D3-BF4B-00C04F79EFBC}") = "Lecture_21", "Lecture_21\Lecture_21.csproj", "{B147E2D3-CDE9-4EC0-8DC7-288EDD0E5C55}"
EndProject
Global
	GlobalSection(SolutionConfigurationPlatforms) = preSolution
		Debug|Any CPU = Debug|Any CPU
		Release|Any CPU = Release|Any CPU
	EndGlobalSection
	GlobalSection(ProjectConfigurationPlatforms) = postSolution
		{042BA4DE-5BA4-4E7A-8266-91FF371874BC}.Debug|Any CPU.ActiveCfg = Debug|Any CPU
		{042BA4DE-5BA4-4E7A-8266-91FF371874BC}.Debug|Any CPU.Build.0 = Debug|Any CPU
		{042BA4DE-5BA4-4E7A-8266-91FF371874BC}.Release|Any CPU.ActiveCfg = Release|Any CPU
		{042BA4DE-5BA4-4E7A-8266-91FF371874BC}.Release|Any CPU.Build.0 = Release|Any CPU
		{81415BCF-CF9C-4B96-955B-338B3DFED6FA}.Debug|Any CPU.ActiveCfg = Debug|Any CPU
		{81415BCF-CF9C-4B96-955B-338B3DFED6FA}.Debug|Any CPU.Build.0 = Debug|Any CPU
		{81415BCF-CF9C-4B96-955B-338B3DFED6FA}.Release|Any CPU.ActiveCfg = Release|Any CPU
		{81415BCF-CF9C-4B96-955B-338B3DFED6FA}.Release|Any CPU.Build.0 = Release|Any CPU
		{61FC818E-32CC-43B7-908D-8A54D9276FC6}.Debug|Any CPU.ActiveCfg = Debug|Any CPU
		{61FC818E-32CC-43B7-908D-8A54D9276FC6}.Debug|Any CPU.Build.0 = Debug|Any CPU
		{61FC818E-32CC-43B7-908D-8A54D9276FC6}.Release|Any CPU.ActiveCfg = Release|Any CPU
		{61FC818E-32CC-43B7-908D-8A54D9276FC6}.Release|Any CPU.Build.0 = Release|Any CPU
		{21BF8A07-2E36-4E9E-8862-5F5D3E473529}.Debug|Any CPU.ActiveCfg = Debug|Any CPU
		{21BF8A07-2E36-4E9E-8862-5F5D3E473529}.Debug|Any CPU.Build.0 = Debug|Any CPU
		{21BF8A07-2E36-4E9E-8862-5F5D3E473529}.Release|Any CPU.ActiveCfg = Release|Any CPU
		{21BF8A07-2E36-4E9E-8862-5F5D3E473529}.Release|Any CPU.Build.0 = Release|Any CPU
		{8F4C22FE-85D1-42C9-8A0B-158F030D5DDC}.Debug|Any CPU.ActiveCfg = Debug|Any CPU
		{8F4C22FE-85D1-42C9-8A0B-158F030D5DDC}.Debug|Any CPU.Build.0 = Debug|Any CPU
		{8F4C22FE-85D1-42C9-8A0B-158F030D5DDC}.Release|Any CPU.ActiveCfg = Release|Any CPU
		{8F4C22FE-85D1-42C9-8A0B-158F030D5DDC}.Release|Any CPU.Build.0 = Release|Any CPU
		{1B4D95E0-6C21-44D6-B901-436179785740}.Debug|Any CPU.ActiveCfg = Debug|Any CPU
		{1B4D95E0-6C21-44D6-B901-436179785740}.Debug|Any CPU.Build.0 = Debug|Any CPU
		{1B4D95E0-6C21-44D6-B901-436179785740}.Release|Any CPU.ActiveCfg = Release|Any CPU
		{1B4D95E0-6C21-44D6-B901-436179785740}.Release|Any CPU.Build.0 = Release|Any CPU
		{C1F5EAAA-8B8A-4FD6-B2B1-D1D3A2703562}.Debug|Any CPU.ActiveCfg = Debug|Any CPU
		{C1F5EAAA-8B8A-4FD6-B2B1-D1D3A2703562}.Debug|Any CPU.Build.0 = Debug|Any CPU
		{C1F5EAAA-8B8A-4FD6-B2B1-D1D3A2703562}.Release|Any CPU.ActiveCfg = Release|Any CPU
		{C1F5EAAA-8B8A-4FD6-B2B1-D1D3A2703562}.Release|Any CPU.Build.0 = Release|Any CPU
		{B8B30ABD-186B-4E41-9964-838E306EFBA4}.Debug|Any CPU.ActiveCfg = Debug|Any CPU
		{B8B30ABD-186B-4E41-9964-838E306EFBA4}.Debug|Any CPU.Build.0 = Debug|Any CPU
		{B8B30ABD-186B-4E41-9964-838E306EFBA4}.Release|Any CPU.ActiveCfg = Release|Any CPU
		{B8B30ABD-186B-4E41-9964-838E306EFBA4}.Release|Any CPU.Build.0 = Release|Any CPU
		{4D2ABB14-2832-46BD-948D-82F4CD57E899}.Debug|Any CPU.ActiveCfg = Debug|Any CPU
		{4D2ABB14-2832-46BD-948D-82F4CD57E899}.Debug|Any CPU.Build.0 = Debug|Any CPU
		{4D2ABB14-2832-46BD-948D-82F4CD57E899}.Release|Any CPU.ActiveCfg = Release|Any CPU
		{4D2ABB14-2832-46BD-948D-82F4CD57E899}.Release|Any CPU.Build.0 = Release|Any CPU
		{4B291207-18F7-4260-877A-F6CED4C448BB}.Debug|Any CPU.ActiveCfg = Debug|Any CPU
		{4B291207-18F7-4260-877A-F6CED4C448BB}.Debug|Any CPU.Build.0 = Debug|Any CPU
		{4B291207-18F7-4260-877A-F6CED4C448BB}.Release|Any CPU.ActiveCfg = Release|Any CPU
		{4B291207-18F7-4260-877A-F6CED4C448BB}.Release|Any CPU.Build.0 = Release|Any CPU
		{EC6D481D-F37A-4760-A70D-807C3A7FBBC7}.Debug|Any CPU.ActiveCfg = Debug|Any CPU
		{EC6D481D-F37A-4760-A70D-807C3A7FBBC7}.Debug|Any CPU.Build.0 = Debug|Any CPU
		{EC6D481D-F37A-4760-A70D-807C3A7FBBC7}.Release|Any CPU.ActiveCfg = Release|Any CPU
		{EC6D481D-F37A-4760-A70D-807C3A7FBBC7}.Release|Any CPU.Build.0 = Release|Any CPU
		{7B17225F-CC84-4EB7-A0BD-791F4C45B48E}.Debug|Any CPU.ActiveCfg = Debug|Any CPU
		{7B17225F-CC84-4EB7-A0BD-791F4C45B48E}.Debug|Any CPU.Build.0 = Debug|Any CPU
		{7B17225F-CC84-4EB7-A0BD-791F4C45B48E}.Release|Any CPU.ActiveCfg = Release|Any CPU
		{7B17225F-CC84-4EB7-A0BD-791F4C45B48E}.Release|Any CPU.Build.0 = Release|Any CPU
		{CCDCBE1C-9C03-4677-90A4-C95B105D7115}.Debug|Any CPU.ActiveCfg = Debug|Any CPU
		{CCDCBE1C-9C03-4677-90A4-C95B105D7115}.Debug|Any CPU.Build.0 = Debug|Any CPU
		{CCDCBE1C-9C03-4677-90A4-C95B105D7115}.Release|Any CPU.ActiveCfg = Release|Any CPU
		{CCDCBE1C-9C03-4677-90A4-C95B105D7115}.Release|Any CPU.Build.0 = Release|Any CPU
		{B147E2D3-CDE9-4EC0-8DC7-288EDD0E5C55}.Debug|Any CPU.ActiveCfg = Debug|Any CPU
		{B147E2D3-CDE9-4EC0-8DC7-288EDD0E5C55}.Debug|Any CPU.Build.0 = Debug|Any CPU
		{B147E2D3-CDE9-4EC0-8DC7-288EDD0E5C55}.Release|Any CPU.ActiveCfg = Release|Any CPU
		{B147E2D3-CDE9-4EC0-8DC7-288EDD0E5C55}.Release|Any CPU.Build.0 = Release|Any CPU
	EndGlobalSection
	GlobalSection(SolutionProperties) = preSolution
		HideSolutionNode = FALSE
	EndGlobalSection
	GlobalSection(ExtensibilityGlobals) = postSolution
		SolutionGuid = {318AE7B2-AAFE-4055-8B03-A2E01F4C43B0}
	EndGlobalSection
EndGlobal
